
Microsoft Visual Studio Solution File, Format Version 12.00
# Visual Studio Version 16
VisualStudioVersion = 16.0.33927.289
MinimumVisualStudioVersion = 10.0.40219.1
Project("{2150E333-8FDC-42A3-9474-1A3956D46DE8}") = "Task0", "Task0", "{610EBD5E-F5DF-4BDC-8491-B99559972988}"
EndProject
Project("{FAE04EC0-301F-11D3-BF4B-00C04F79EFBC}") = "Tyuiu.OsintsevKP.Sprint0.Task0.V0", "Tyuiu.OsintsevKP.Sprint0.Task0.V0\Tyuiu.OsintsevKP.Sprint0.Task0.V0.csproj", "{EE138C1D-F98D-4E12-AB18-F6F3FA547D81}"
EndProject
Project("{2150E333-8FDC-42A3-9474-1A3956D46DE8}") = "Task1", "Task1", "{1053E3E2-86DE-4093-96E3-F9B6E65F75A6}"
EndProject
Project("{FAE04EC0-301F-11D3-BF4B-00C04F79EFBC}") = "Tyuiu.OsintsevKP.Sprint0.Task1.V0", "Tyuiu.OsintsevKP.Sprint0.Task1.V0\Tyuiu.OsintsevKP.Sprint0.Task1.V0.csproj", "{9B49E371-98EE-4F4C-8B91-B8F148C5B5AA}"
EndProject
Project("{2150E333-8FDC-42A3-9474-1A3956D46DE8}") = "Task2", "Task2", "{21101B3D-A1CC-4C18-ADB1-A4952B31BCEB}"
EndProject
Project("{FAE04EC0-301F-11D3-BF4B-00C04F79EFBC}") = "Tyuiu.OsintsevKP.Sprint0.Task2.V0", "Tyuiu.OsintsevKP.Sprint0.Task2.V0\Tyuiu.OsintsevKP.Sprint0.Task2.V0.csproj", "{CE901977-1570-492D-B038-48E643641CBF}"
EndProject
Project("{FAE04EC0-301F-11D3-BF4B-00C04F79EFBC}") = "Tyuiu.OsintsevKP.Sprint0.Task2.V0.Lib", "Tyuiu.OsintsevKP.Sprint0.Task2.V0.Lib\Tyuiu.OsintsevKP.Sprint0.Task2.V0.Lib.csproj", "{028AA96A-D544-4D09-BA33-CC9B6D8E8991}"
EndProject
Project("{FAE04EC0-301F-11D3-BF4B-00C04F79EFBC}") = "Tyuiu.OsintsevKP.Sprint0.Task2.V0.Test", "Tyuiu.OsintsevKP.Sprint0.Task2.V0.Test\Tyuiu.OsintsevKP.Sprint0.Task2.V0.Test.csproj", "{F583BDAE-698C-44A1-B8CF-C034DD8759B3}"
EndProject
Project("{2150E333-8FDC-42A3-9474-1A3956D46DE8}") = "Task3", "Task3", "{8105D05C-D804-4288-B2D7-977FC35609D7}"
EndProject
Project("{FAE04EC0-301F-11D3-BF4B-00C04F79EFBC}") = "Tyuiu.OsintsevKP.Sprint0.Task3.V0.Test", "Tyuiu.OsintsevKP.Sprint0.Task3.V0.Test\Tyuiu.OsintsevKP.Sprint0.Task3.V0.Test.csproj", "{BC28B0B5-5AC9-4609-BBA7-D11CFB0C7A60}"
EndProject
Project("{FAE04EC0-301F-11D3-BF4B-00C04F79EFBC}") = "Tyuiu.OsintsevKP.Sprint0.Task3.V0.Lib", "Tyuiu.OsintsevKP.Sprint0.Task3.V0.Lib\Tyuiu.OsintsevKP.Sprint0.Task3.V0.Lib.csproj", "{AD9A96D5-A0E1-45CE-AE26-60BFAA656D80}"
EndProject
Project("{FAE04EC0-301F-11D3-BF4B-00C04F79EFBC}") = "Tyuiu.OsintsevKP.Sprint0.Task3.V0", "Tyuiu.OsintsevKP.Sprint0.Task3.V0\Tyuiu.OsintsevKP.Sprint0.Task3.V0.csproj", "{BD7875C2-B692-4D4B-9F8F-F85EF1B01BA9}"
EndProject
Global
	GlobalSection(SolutionConfigurationPlatforms) = preSolution
		Debug|Any CPU = Debug|Any CPU
		Release|Any CPU = Release|Any CPU
	EndGlobalSection
	GlobalSection(ProjectConfigurationPlatforms) = postSolution
		{EE138C1D-F98D-4E12-AB18-F6F3FA547D81}.Debug|Any CPU.ActiveCfg = Debug|Any CPU
		{EE138C1D-F98D-4E12-AB18-F6F3FA547D81}.Debug|Any CPU.Build.0 = Debug|Any CPU
		{EE138C1D-F98D-4E12-AB18-F6F3FA547D81}.Release|Any CPU.ActiveCfg = Release|Any CPU
		{EE138C1D-F98D-4E12-AB18-F6F3FA547D81}.Release|Any CPU.Build.0 = Release|Any CPU
		{9B49E371-98EE-4F4C-8B91-B8F148C5B5AA}.Debug|Any CPU.ActiveCfg = Debug|Any CPU
		{9B49E371-98EE-4F4C-8B91-B8F148C5B5AA}.Debug|Any CPU.Build.0 = Debug|Any CPU
		{9B49E371-98EE-4F4C-8B91-B8F148C5B5AA}.Release|Any CPU.ActiveCfg = Release|Any CPU
		{9B49E371-98EE-4F4C-8B91-B8F148C5B5AA}.Release|Any CPU.Build.0 = Release|Any CPU
		{CE901977-1570-492D-B038-48E643641CBF}.Debug|Any CPU.ActiveCfg = Debug|Any CPU
		{CE901977-1570-492D-B038-48E643641CBF}.Debug|Any CPU.Build.0 = Debug|Any CPU
		{CE901977-1570-492D-B038-48E643641CBF}.Release|Any CPU.ActiveCfg = Release|Any CPU
		{CE901977-1570-492D-B038-48E643641CBF}.Release|Any CPU.Build.0 = Release|Any CPU
		{028AA96A-D544-4D09-BA33-CC9B6D8E8991}.Debug|Any CPU.ActiveCfg = Debug|Any CPU
		{028AA96A-D544-4D09-BA33-CC9B6D8E8991}.Debug|Any CPU.Build.0 = Debug|Any CPU
		{028AA96A-D544-4D09-BA33-CC9B6D8E8991}.Release|Any CPU.ActiveCfg = Release|Any CPU
		{028AA96A-D544-4D09-BA33-CC9B6D8E8991}.Release|Any CPU.Build.0 = Release|Any CPU
		{F583BDAE-698C-44A1-B8CF-C034DD8759B3}.Debug|Any CPU.ActiveCfg = Debug|Any CPU
		{F583BDAE-698C-44A1-B8CF-C034DD8759B3}.Debug|Any CPU.Build.0 = Debug|Any CPU
		{F583BDAE-698C-44A1-B8CF-C034DD8759B3}.Release|Any CPU.ActiveCfg = Release|Any CPU
		{F583BDAE-698C-44A1-B8CF-C034DD8759B3}.Release|Any CPU.Build.0 = Release|Any CPU
		{BC28B0B5-5AC9-4609-BBA7-D11CFB0C7A60}.Debug|Any CPU.ActiveCfg = Debug|Any CPU
		{BC28B0B5-5AC9-4609-BBA7-D11CFB0C7A60}.Debug|Any CPU.Build.0 = Debug|Any CPU
		{BC28B0B5-5AC9-4609-BBA7-D11CFB0C7A60}.Release|Any CPU.ActiveCfg = Release|Any CPU
		{BC28B0B5-5AC9-4609-BBA7-D11CFB0C7A60}.Release|Any CPU.Build.0 = Release|Any CPU
		{AD9A96D5-A0E1-45CE-AE26-60BFAA656D80}.Debug|Any CPU.ActiveCfg = Debug|Any CPU
		{AD9A96D5-A0E1-45CE-AE26-60BFAA656D80}.Debug|Any CPU.Build.0 = Debug|Any CPU
		{AD9A96D5-A0E1-45CE-AE26-60BFAA656D80}.Release|Any CPU.ActiveCfg = Release|Any CPU
		{AD9A96D5-A0E1-45CE-AE26-60BFAA656D80}.Release|Any CPU.Build.0 = Release|Any CPU
		{BD7875C2-B692-4D4B-9F8F-F85EF1B01BA9}.Debug|Any CPU.ActiveCfg = Debug|Any CPU
		{BD7875C2-B692-4D4B-9F8F-F85EF1B01BA9}.Debug|Any CPU.Build.0 = Debug|Any CPU
		{BD7875C2-B692-4D4B-9F8F-F85EF1B01BA9}.Release|Any CPU.ActiveCfg = Release|Any CPU
		{BD7875C2-B692-4D4B-9F8F-F85EF1B01BA9}.Release|Any CPU.Build.0 = Release|Any CPU
	EndGlobalSection
	GlobalSection(SolutionProperties) = preSolution
		HideSolutionNode = FALSE
	EndGlobalSection
	GlobalSection(NestedProjects) = preSolution
		{EE138C1D-F98D-4E12-AB18-F6F3FA547D81} = {610EBD5E-F5DF-4BDC-8491-B99559972988}
		{9B49E371-98EE-4F4C-8B91-B8F148C5B5AA} = {1053E3E2-86DE-4093-96E3-F9B6E65F75A6}
		{CE901977-1570-492D-B038-48E643641CBF} = {21101B3D-A1CC-4C18-ADB1-A4952B31BCEB}
		{028AA96A-D544-4D09-BA33-CC9B6D8E8991} = {21101B3D-A1CC-4C18-ADB1-A4952B31BCEB}
		{F583BDAE-698C-44A1-B8CF-C034DD8759B3} = {21101B3D-A1CC-4C18-ADB1-A4952B31BCEB}
		{BC28B0B5-5AC9-4609-BBA7-D11CFB0C7A60} = {8105D05C-D804-4288-B2D7-977FC35609D7}
		{AD9A96D5-A0E1-45CE-AE26-60BFAA656D80} = {8105D05C-D804-4288-B2D7-977FC35609D7}
		{BD7875C2-B692-4D4B-9F8F-F85EF1B01BA9} = {8105D05C-D804-4288-B2D7-977FC35609D7}
	EndGlobalSection
	GlobalSection(ExtensibilityGlobals) = postSolution
		SolutionGuid = {D858676C-0952-4048-B6E8-B2CCF1132FDD}
	EndGlobalSection
EndGlobal
