
Microsoft Visual Studio Solution File, Format Version 12.00
# Visual Studio Version 16
VisualStudioVersion = 16.0.33927.289
MinimumVisualStudioVersion = 10.0.40219.1
Project("{2150E333-8FDC-42A3-9474-1A3956D46DE8}") = "Task0", "Task0", "{610EBD5E-F5DF-4BDC-8491-B99559972988}"
EndProject
Project("{FAE04EC0-301F-11D3-BF4B-00C04F79EFBC}") = "Tyuiu.OsintsevKP.Sprint0.Task0.V0", "Tyuiu.OsintsevKP.Sprint0.Task0.V0\Tyuiu.OsintsevKP.Sprint0.Task0.V0.csproj", "{EE138C1D-F98D-4E12-AB18-F6F3FA547D81}"
EndProject
Project("{2150E333-8FDC-42A3-9474-1A3956D46DE8}") = "Task1", "Task1", "{1053E3E2-86DE-4093-96E3-F9B6E65F75A6}"
EndProject
Project("{FAE04EC0-301F-11D3-BF4B-00C04F79EFBC}") = "Tyuiu.OsintsevKP.Sprint0.Task1.V0", "Tyuiu.OsintsevKP.Sprint0.Task1.V0\Tyuiu.OsintsevKP.Sprint0.Task1.V0.csproj", "{9B49E371-98EE-4F4C-8B91-B8F148C5B5AA}"
EndProject
Project("{2150E333-8FDC-42A3-9474-1A3956D46DE8}") = "Task2", "Task2", "{21101B3D-A1CC-4C18-ADB1-A4952B31BCEB}"
EndProject
Project("{FAE04EC0-301F-11D3-BF4B-00C04F79EFBC}") = "Tyuiu.OsintsevKP.Sprint0.Task2.V0", "Tyuiu.OsintsevKP.Sprint0.Task2.V0\Tyuiu.OsintsevKP.Sprint0.Task2.V0.csproj", "{CE901977-1570-492D-B038-48E643641CBF}"
EndProject
Project("{FAE04EC0-301F-11D3-BF4B-00C04F79EFBC}") = "Tyuiu.OsintsevKP.Sprint0.Task2.V0.Lib", "Tyuiu.OsintsevKP.Sprint0.Task2.V0.Lib\Tyuiu.OsintsevKP.Sprint0.Task2.V0.Lib.csproj", "{028AA96A-D544-4D09-BA33-CC9B6D8E8991}"
EndProject
Project("{FAE04EC0-301F-11D3-BF4B-00C04F79EFBC}") = "Tyuiu.OsintsevKP.Sprint0.Task2.V0.Test", "Tyuiu.OsintsevKP.Sprint0.Task2.V0.Test\Tyuiu.OsintsevKP.Sprint0.Task2.V0.Test.csproj", "{F583BDAE-698C-44A1-B8CF-C034DD8759B3}"
EndProject
Project("{2150E333-8FDC-42A3-9474-1A3956D46DE8}") = "Task3", "Task3", "{8105D05C-D804-4288-B2D7-977FC35609D7}"
EndProject
Project("{FAE04EC0-301F-11D3-BF4B-00C04F79EFBC}") = "Tyuiu.OsintsevKP.Sprint0.Task3.V0.Test", "Tyuiu.OsintsevKP.Sprint0.Task3.V0.Test\Tyuiu.OsintsevKP.Sprint0.Task3.V0.Test.csproj", "{BC28B0B5-5AC9-4609-BBA7-D11CFB0C7A60}"
EndProject
Project("{FAE04EC0-301F-11D3-BF4B-00C04F79EFBC}") = "Tyuiu.OsintsevKP.Sprint0.Task3.V0.Lib", "Tyuiu.OsintsevKP.Sprint0.Task3.V0.Lib\Tyuiu.OsintsevKP.Sprint0.Task3.V0.Lib.csproj", "{AD9A96D5-A0E1-45CE-AE26-60BFAA656D80}"
EndProject
Project("{FAE04EC0-301F-11D3-BF4B-00C04F79EFBC}") = "Tyuiu.OsintsevKP.Sprint0.Task3.V0", "Tyuiu.OsintsevKP.Sprint0.Task3.V0\Tyuiu.OsintsevKP.Sprint0.Task3.V0.csproj", "{BD7875C2-B692-4D4B-9F8F-F85EF1B01BA9}"
EndProject
Project("{2150E333-8FDC-42A3-9474-1A3956D46DE8}") = "Task4", "Task4", "{F9E54DDC-236A-4381-A2B9-A4F069D89AE7}"
EndProject
Project("{2150E333-8FDC-42A3-9474-1A3956D46DE8}") = "Task5", "Task5", "{C296DD0C-A3A3-4032-BEC9-4A63F9AAE5F1}"
EndProject
Project("{2150E333-8FDC-42A3-9474-1A3956D46DE8}") = "Task6", "Task6", "{1F4D074F-1F75-472B-B437-695C97ADFD7C}"
EndProject
Project("{2150E333-8FDC-42A3-9474-1A3956D46DE8}") = "Task7", "Task7", "{B246293E-628E-4585-A1AF-47C985CC5F01}"
EndProject
Project("{FAE04EC0-301F-11D3-BF4B-00C04F79EFBC}") = "Tyuiu.OsintsevKP.Sprint0.Task4.V0", "Tyuiu.OsintsevKP.Sprint0.Task4.V0\Tyuiu.OsintsevKP.Sprint0.Task4.V0.csproj", "{564F7A7C-5951-4354-80DD-3365180BBCC1}"
EndProject
Project("{FAE04EC0-301F-11D3-BF4B-00C04F79EFBC}") = "Tyuiu.OsintsevKP.Sprint0.Task4.V0.Lib", "Tyuiu.OsintsevKP.Sprint0.Task4.V0.Lib\Tyuiu.OsintsevKP.Sprint0.Task4.V0.Lib.csproj", "{8BAFA649-2209-41A8-99ED-5F4EC6851609}"
EndProject
Project("{FAE04EC0-301F-11D3-BF4B-00C04F79EFBC}") = "Tyuiu.OsintsevKP.Sprint0.Task4.V0.Test", "Tyuiu.OsintsevKP.Sprint0.Task4.V0.Test\Tyuiu.OsintsevKP.Sprint0.Task4.V0.Test.csproj", "{9D32AAD7-ED2A-4562-9AED-CEA7F027F20E}"
EndProject
Project("{FAE04EC0-301F-11D3-BF4B-00C04F79EFBC}") = "Tyuiu.OsintsevKP.Sprint0.Task5.V0", "Tyuiu.OsintsevKP.Sprint0.Task5.V0\Tyuiu.OsintsevKP.Sprint0.Task5.V0.csproj", "{9B1518A3-1E47-4C14-8B2A-A0E467B7538F}"
EndProject
Project("{FAE04EC0-301F-11D3-BF4B-00C04F79EFBC}") = "Tyuiu.OsintsevKP.Sprint0.Task5.V0.Test", "Tyuiu.OsintsevKP.Sprint0.Task5.V0.Test\Tyuiu.OsintsevKP.Sprint0.Task5.V0.Test.csproj", "{B4A7F739-36D6-4164-B296-FCA9EC9D3047}"
EndProject
Project("{FAE04EC0-301F-11D3-BF4B-00C04F79EFBC}") = "Tyuiu.OsintsevKP.Sprint0.Task5.V0.Lib", "Tyuiu.OsintsevKP.Sprint0.Task5.V0.Lib\Tyuiu.OsintsevKP.Sprint0.Task5.V0.Lib.csproj", "{764BA18F-E97D-45D4-B9D9-AD9F0400F7E3}"
EndProject
Project("{FAE04EC0-301F-11D3-BF4B-00C04F79EFBC}") = "Tyuiu.OsintsevKP.Sprint0.Task6.V0", "Tyuiu.OsintsevKP.Sprint0.Task6.V0\Tyuiu.OsintsevKP.Sprint0.Task6.V0.csproj", "{C6D1D917-EB5B-4964-B78B-018FE2F13039}"
EndProject
Project("{FAE04EC0-301F-11D3-BF4B-00C04F79EFBC}") = "Tyuiu.OsintsevKP.Sprint0.Task6.V0.Lib", "Tyuiu.OsintsevKP.Sprint0.Task6.V0.Lib\Tyuiu.OsintsevKP.Sprint0.Task6.V0.Lib.csproj", "{42A2648D-9673-4F4E-8543-0F7BB615B34B}"
EndProject
Project("{FAE04EC0-301F-11D3-BF4B-00C04F79EFBC}") = "Tyuiu.OsintsevKP.Sprint0.Task6.V0.Test", "Tyuiu.OsintsevKP.Sprint0.Task6.V0.Test\Tyuiu.OsintsevKP.Sprint0.Task6.V0.Test.csproj", "{35E5F60A-D21C-4804-9AC6-991ADD485313}"
EndProject
Project("{FAE04EC0-301F-11D3-BF4B-00C04F79EFBC}") = "Tyuiu.OsintsevKP.Sprint0.Task7.V0", "Tyuiu.OsintsevKP.Sprint0.Task7.V0\Tyuiu.OsintsevKP.Sprint0.Task7.V0.csproj", "{C147D7C7-0D17-4ABA-96D0-4B10718A8282}"
EndProject
Project("{FAE04EC0-301F-11D3-BF4B-00C04F79EFBC}") = "Tyuiu.OsintsevKP.Sprint0.Task7.V0.Test", "Tyuiu.OsintsevKP.Sprint0.Task7.V0.Test\Tyuiu.OsintsevKP.Sprint0.Task7.V0.Test.csproj", "{AD8D3062-45B2-49CE-A8F4-B910DD7F9FA5}"
EndProject
Project("{FAE04EC0-301F-11D3-BF4B-00C04F79EFBC}") = "Tyuiu.OsintsevKP.Sprint0.Task7.V0.Lib", "Tyuiu.OsintsevKP.Sprint0.Task7.V0.Lib\Tyuiu.OsintsevKP.Sprint0.Task7.V0.Lib.csproj", "{915EECDD-AB3B-440D-9DDF-12348EA25655}"
EndProject
Global
	GlobalSection(SolutionConfigurationPlatforms) = preSolution
		Debug|Any CPU = Debug|Any CPU
		Release|Any CPU = Release|Any CPU
	EndGlobalSection
	GlobalSection(ProjectConfigurationPlatforms) = postSolution
		{EE138C1D-F98D-4E12-AB18-F6F3FA547D81}.Debug|Any CPU.ActiveCfg = Debug|Any CPU
		{EE138C1D-F98D-4E12-AB18-F6F3FA547D81}.Debug|Any CPU.Build.0 = Debug|Any CPU
		{EE138C1D-F98D-4E12-AB18-F6F3FA547D81}.Release|Any CPU.ActiveCfg = Release|Any CPU
		{EE138C1D-F98D-4E12-AB18-F6F3FA547D81}.Release|Any CPU.Build.0 = Release|Any CPU
		{9B49E371-98EE-4F4C-8B91-B8F148C5B5AA}.Debug|Any CPU.ActiveCfg = Debug|Any CPU
		{9B49E371-98EE-4F4C-8B91-B8F148C5B5AA}.Debug|Any CPU.Build.0 = Debug|Any CPU
		{9B49E371-98EE-4F4C-8B91-B8F148C5B5AA}.Release|Any CPU.ActiveCfg = Release|Any CPU
		{9B49E371-98EE-4F4C-8B91-B8F148C5B5AA}.Release|Any CPU.Build.0 = Release|Any CPU
		{CE901977-1570-492D-B038-48E643641CBF}.Debug|Any CPU.ActiveCfg = Debug|Any CPU
		{CE901977-1570-492D-B038-48E643641CBF}.Debug|Any CPU.Build.0 = Debug|Any CPU
		{CE901977-1570-492D-B038-48E643641CBF}.Release|Any CPU.ActiveCfg = Release|Any CPU
		{CE901977-1570-492D-B038-48E643641CBF}.Release|Any CPU.Build.0 = Release|Any CPU
		{028AA96A-D544-4D09-BA33-CC9B6D8E8991}.Debug|Any CPU.ActiveCfg = Debug|Any CPU
		{028AA96A-D544-4D09-BA33-CC9B6D8E8991}.Debug|Any CPU.Build.0 = Debug|Any CPU
		{028AA96A-D544-4D09-BA33-CC9B6D8E8991}.Release|Any CPU.ActiveCfg = Release|Any CPU
		{028AA96A-D544-4D09-BA33-CC9B6D8E8991}.Release|Any CPU.Build.0 = Release|Any CPU
		{F583BDAE-698C-44A1-B8CF-C034DD8759B3}.Debug|Any CPU.ActiveCfg = Debug|Any CPU
		{F583BDAE-698C-44A1-B8CF-C034DD8759B3}.Debug|Any CPU.Build.0 = Debug|Any CPU
		{F583BDAE-698C-44A1-B8CF-C034DD8759B3}.Release|Any CPU.ActiveCfg = Release|Any CPU
		{F583BDAE-698C-44A1-B8CF-C034DD8759B3}.Release|Any CPU.Build.0 = Release|Any CPU
		{BC28B0B5-5AC9-4609-BBA7-D11CFB0C7A60}.Debug|Any CPU.ActiveCfg = Debug|Any CPU
		{BC28B0B5-5AC9-4609-BBA7-D11CFB0C7A60}.Debug|Any CPU.Build.0 = Debug|Any CPU
		{BC28B0B5-5AC9-4609-BBA7-D11CFB0C7A60}.Release|Any CPU.ActiveCfg = Release|Any CPU
		{BC28B0B5-5AC9-4609-BBA7-D11CFB0C7A60}.Release|Any CPU.Build.0 = Release|Any CPU
		{AD9A96D5-A0E1-45CE-AE26-60BFAA656D80}.Debug|Any CPU.ActiveCfg = Debug|Any CPU
		{AD9A96D5-A0E1-45CE-AE26-60BFAA656D80}.Debug|Any CPU.Build.0 = Debug|Any CPU
		{AD9A96D5-A0E1-45CE-AE26-60BFAA656D80}.Release|Any CPU.ActiveCfg = Release|Any CPU
		{AD9A96D5-A0E1-45CE-AE26-60BFAA656D80}.Release|Any CPU.Build.0 = Release|Any CPU
		{BD7875C2-B692-4D4B-9F8F-F85EF1B01BA9}.Debug|Any CPU.ActiveCfg = Debug|Any CPU
		{BD7875C2-B692-4D4B-9F8F-F85EF1B01BA9}.Debug|Any CPU.Build.0 = Debug|Any CPU
		{BD7875C2-B692-4D4B-9F8F-F85EF1B01BA9}.Release|Any CPU.ActiveCfg = Release|Any CPU
		{BD7875C2-B692-4D4B-9F8F-F85EF1B01BA9}.Release|Any CPU.Build.0 = Release|Any CPU
		{564F7A7C-5951-4354-80DD-3365180BBCC1}.Debug|Any CPU.ActiveCfg = Debug|Any CPU
		{564F7A7C-5951-4354-80DD-3365180BBCC1}.Debug|Any CPU.Build.0 = Debug|Any CPU
		{564F7A7C-5951-4354-80DD-3365180BBCC1}.Release|Any CPU.ActiveCfg = Release|Any CPU
		{564F7A7C-5951-4354-80DD-3365180BBCC1}.Release|Any CPU.Build.0 = Release|Any CPU
		{8BAFA649-2209-41A8-99ED-5F4EC6851609}.Debug|Any CPU.ActiveCfg = Debug|Any CPU
		{8BAFA649-2209-41A8-99ED-5F4EC6851609}.Debug|Any CPU.Build.0 = Debug|Any CPU
		{8BAFA649-2209-41A8-99ED-5F4EC6851609}.Release|Any CPU.ActiveCfg = Release|Any CPU
		{8BAFA649-2209-41A8-99ED-5F4EC6851609}.Release|Any CPU.Build.0 = Release|Any CPU
		{9D32AAD7-ED2A-4562-9AED-CEA7F027F20E}.Debug|Any CPU.ActiveCfg = Debug|Any CPU
		{9D32AAD7-ED2A-4562-9AED-CEA7F027F20E}.Debug|Any CPU.Build.0 = Debug|Any CPU
		{9D32AAD7-ED2A-4562-9AED-CEA7F027F20E}.Release|Any CPU.ActiveCfg = Release|Any CPU
		{9D32AAD7-ED2A-4562-9AED-CEA7F027F20E}.Release|Any CPU.Build.0 = Release|Any CPU
		{9B1518A3-1E47-4C14-8B2A-A0E467B7538F}.Debug|Any CPU.ActiveCfg = Debug|Any CPU
		{9B1518A3-1E47-4C14-8B2A-A0E467B7538F}.Debug|Any CPU.Build.0 = Debug|Any CPU
		{9B1518A3-1E47-4C14-8B2A-A0E467B7538F}.Release|Any CPU.ActiveCfg = Release|Any CPU
		{9B1518A3-1E47-4C14-8B2A-A0E467B7538F}.Release|Any CPU.Build.0 = Release|Any CPU
		{B4A7F739-36D6-4164-B296-FCA9EC9D3047}.Debug|Any CPU.ActiveCfg = Debug|Any CPU
		{B4A7F739-36D6-4164-B296-FCA9EC9D3047}.Debug|Any CPU.Build.0 = Debug|Any CPU
		{B4A7F739-36D6-4164-B296-FCA9EC9D3047}.Release|Any CPU.ActiveCfg = Release|Any CPU
		{B4A7F739-36D6-4164-B296-FCA9EC9D3047}.Release|Any CPU.Build.0 = Release|Any CPU
		{764BA18F-E97D-45D4-B9D9-AD9F0400F7E3}.Debug|Any CPU.ActiveCfg = Debug|Any CPU
		{764BA18F-E97D-45D4-B9D9-AD9F0400F7E3}.Debug|Any CPU.Build.0 = Debug|Any CPU
		{764BA18F-E97D-45D4-B9D9-AD9F0400F7E3}.Release|Any CPU.ActiveCfg = Release|Any CPU
		{764BA18F-E97D-45D4-B9D9-AD9F0400F7E3}.Release|Any CPU.Build.0 = Release|Any CPU
		{C6D1D917-EB5B-4964-B78B-018FE2F13039}.Debug|Any CPU.ActiveCfg = Debug|Any CPU
		{C6D1D917-EB5B-4964-B78B-018FE2F13039}.Debug|Any CPU.Build.0 = Debug|Any CPU
		{C6D1D917-EB5B-4964-B78B-018FE2F13039}.Release|Any CPU.ActiveCfg = Release|Any CPU
		{C6D1D917-EB5B-4964-B78B-018FE2F13039}.Release|Any CPU.Build.0 = Release|Any CPU
		{42A2648D-9673-4F4E-8543-0F7BB615B34B}.Debug|Any CPU.ActiveCfg = Debug|Any CPU
		{42A2648D-9673-4F4E-8543-0F7BB615B34B}.Debug|Any CPU.Build.0 = Debug|Any CPU
		{42A2648D-9673-4F4E-8543-0F7BB615B34B}.Release|Any CPU.ActiveCfg = Release|Any CPU
		{42A2648D-9673-4F4E-8543-0F7BB615B34B}.Release|Any CPU.Build.0 = Release|Any CPU
		{35E5F60A-D21C-4804-9AC6-991ADD485313}.Debug|Any CPU.ActiveCfg = Debug|Any CPU
		{35E5F60A-D21C-4804-9AC6-991ADD485313}.Debug|Any CPU.Build.0 = Debug|Any CPU
		{35E5F60A-D21C-4804-9AC6-991ADD485313}.Release|Any CPU.ActiveCfg = Release|Any CPU
		{35E5F60A-D21C-4804-9AC6-991ADD485313}.Release|Any CPU.Build.0 = Release|Any CPU
		{C147D7C7-0D17-4ABA-96D0-4B10718A8282}.Debug|Any CPU.ActiveCfg = Debug|Any CPU
		{C147D7C7-0D17-4ABA-96D0-4B10718A8282}.Debug|Any CPU.Build.0 = Debug|Any CPU
		{C147D7C7-0D17-4ABA-96D0-4B10718A8282}.Release|Any CPU.ActiveCfg = Release|Any CPU
		{C147D7C7-0D17-4ABA-96D0-4B10718A8282}.Release|Any CPU.Build.0 = Release|Any CPU
		{AD8D3062-45B2-49CE-A8F4-B910DD7F9FA5}.Debug|Any CPU.ActiveCfg = Debug|Any CPU
		{AD8D3062-45B2-49CE-A8F4-B910DD7F9FA5}.Debug|Any CPU.Build.0 = Debug|Any CPU
		{AD8D3062-45B2-49CE-A8F4-B910DD7F9FA5}.Release|Any CPU.ActiveCfg = Release|Any CPU
		{AD8D3062-45B2-49CE-A8F4-B910DD7F9FA5}.Release|Any CPU.Build.0 = Release|Any CPU
		{915EECDD-AB3B-440D-9DDF-12348EA25655}.Debug|Any CPU.ActiveCfg = Debug|Any CPU
		{915EECDD-AB3B-440D-9DDF-12348EA25655}.Debug|Any CPU.Build.0 = Debug|Any CPU
		{915EECDD-AB3B-440D-9DDF-12348EA25655}.Release|Any CPU.ActiveCfg = Release|Any CPU
		{915EECDD-AB3B-440D-9DDF-12348EA25655}.Release|Any CPU.Build.0 = Release|Any CPU
	EndGlobalSection
	GlobalSection(SolutionProperties) = preSolution
		HideSolutionNode = FALSE
	EndGlobalSection
	GlobalSection(NestedProjects) = preSolution
		{EE138C1D-F98D-4E12-AB18-F6F3FA547D81} = {610EBD5E-F5DF-4BDC-8491-B99559972988}
		{9B49E371-98EE-4F4C-8B91-B8F148C5B5AA} = {1053E3E2-86DE-4093-96E3-F9B6E65F75A6}
		{CE901977-1570-492D-B038-48E643641CBF} = {21101B3D-A1CC-4C18-ADB1-A4952B31BCEB}
		{028AA96A-D544-4D09-BA33-CC9B6D8E8991} = {21101B3D-A1CC-4C18-ADB1-A4952B31BCEB}
		{F583BDAE-698C-44A1-B8CF-C034DD8759B3} = {21101B3D-A1CC-4C18-ADB1-A4952B31BCEB}
		{BC28B0B5-5AC9-4609-BBA7-D11CFB0C7A60} = {8105D05C-D804-4288-B2D7-977FC35609D7}
		{AD9A96D5-A0E1-45CE-AE26-60BFAA656D80} = {8105D05C-D804-4288-B2D7-977FC35609D7}
		{BD7875C2-B692-4D4B-9F8F-F85EF1B01BA9} = {8105D05C-D804-4288-B2D7-977FC35609D7}
		{564F7A7C-5951-4354-80DD-3365180BBCC1} = {F9E54DDC-236A-4381-A2B9-A4F069D89AE7}
		{8BAFA649-2209-41A8-99ED-5F4EC6851609} = {F9E54DDC-236A-4381-A2B9-A4F069D89AE7}
		{9D32AAD7-ED2A-4562-9AED-CEA7F027F20E} = {F9E54DDC-236A-4381-A2B9-A4F069D89AE7}
		{9B1518A3-1E47-4C14-8B2A-A0E467B7538F} = {C296DD0C-A3A3-4032-BEC9-4A63F9AAE5F1}
		{B4A7F739-36D6-4164-B296-FCA9EC9D3047} = {C296DD0C-A3A3-4032-BEC9-4A63F9AAE5F1}
		{764BA18F-E97D-45D4-B9D9-AD9F0400F7E3} = {C296DD0C-A3A3-4032-BEC9-4A63F9AAE5F1}
		{C6D1D917-EB5B-4964-B78B-018FE2F13039} = {1F4D074F-1F75-472B-B437-695C97ADFD7C}
		{42A2648D-9673-4F4E-8543-0F7BB615B34B} = {1F4D074F-1F75-472B-B437-695C97ADFD7C}
		{35E5F60A-D21C-4804-9AC6-991ADD485313} = {1F4D074F-1F75-472B-B437-695C97ADFD7C}
		{C147D7C7-0D17-4ABA-96D0-4B10718A8282} = {B246293E-628E-4585-A1AF-47C985CC5F01}
		{AD8D3062-45B2-49CE-A8F4-B910DD7F9FA5} = {B246293E-628E-4585-A1AF-47C985CC5F01}
		{915EECDD-AB3B-440D-9DDF-12348EA25655} = {B246293E-628E-4585-A1AF-47C985CC5F01}
	EndGlobalSection
	GlobalSection(ExtensibilityGlobals) = postSolution
		SolutionGuid = {D858676C-0952-4048-B6E8-B2CCF1132FDD}
	EndGlobalSection
EndGlobal
